
Microsoft Visual Studio Solution File, Format Version 12.00
# Visual Studio Version 17
VisualStudioVersion = 17.0.31903.59
MinimumVisualStudioVersion = 10.0.40219.1
Project("{2150E333-8FDC-42A3-9474-1A3956D46DE8}") = "apps", "apps", "{E03523DB-4EB0-4F21-A5CB-9AA9406D8FF7}"
EndProject
Project("{FAE04EC0-301F-11D3-BF4B-00C04F79EFBC}") = "AppA.Webapp", "apps\app-a-webapp\AppA.Webapp.csproj", "{DD9EC33C-C15D-4954-973C-7AF547F7C491}"
EndProject
Project("{2150E333-8FDC-42A3-9474-1A3956D46DE8}") = "libs", "libs", "{E56B5EF9-68F1-4D31-BE15-A0451FB2071F}"
EndProject
Project("{2150E333-8FDC-42A3-9474-1A3956D46DE8}") = "shared", "shared", "{85C29406-80D7-4C4E-8B5B-D540030D5D3D}"
EndProject
Project("{2150E333-8FDC-42A3-9474-1A3956D46DE8}") = "cs", "cs", "{1712123E-3024-4E8F-B64D-05AF7D2E2B5B}"
EndProject
Project("{FAE04EC0-301F-11D3-BF4B-00C04F79EFBC}") = "fruit", "libs\shared\cs\fruit\fruit.csproj", "{23AE80AF-52ED-44C6-AFBB-4C169AB6E618}"
EndProject
Project("{2150E333-8FDC-42A3-9474-1A3956D46DE8}") = "app-a", "app-a", "{3C61C7F5-A206-4F5C-A676-23739935E41A}"
EndProject
Project("{2150E333-8FDC-42A3-9474-1A3956D46DE8}") = "cs", "cs", "{DCB5CF3D-713C-4932-9D5C-37BF992704BF}"
EndProject
Project("{FAE04EC0-301F-11D3-BF4B-00C04F79EFBC}") = "Banana", "libs\app-a\cs\banana\Banana.csproj", "{6708A810-A889-4FF6-8955-11F5CB32E830}"
EndProject
Global
	GlobalSection(SolutionConfigurationPlatforms) = preSolution
		Debug|Any CPU = Debug|Any CPU
		Release|Any CPU = Release|Any CPU
	EndGlobalSection
	GlobalSection(SolutionProperties) = preSolution
		HideSolutionNode = FALSE
	EndGlobalSection
	GlobalSection(ProjectConfigurationPlatforms) = postSolution
		{DD9EC33C-C15D-4954-973C-7AF547F7C491}.Debug|Any CPU.ActiveCfg = Debug|Any CPU
		{DD9EC33C-C15D-4954-973C-7AF547F7C491}.Debug|Any CPU.Build.0 = Debug|Any CPU
		{DD9EC33C-C15D-4954-973C-7AF547F7C491}.Release|Any CPU.ActiveCfg = Release|Any CPU
		{DD9EC33C-C15D-4954-973C-7AF547F7C491}.Release|Any CPU.Build.0 = Release|Any CPU
		{F853A47B-8768-4FD7-9342-35E63207A33A}.Debug|Any CPU.ActiveCfg = Debug|Any CPU
		{F853A47B-8768-4FD7-9342-35E63207A33A}.Debug|Any CPU.Build.0 = Debug|Any CPU
		{F853A47B-8768-4FD7-9342-35E63207A33A}.Release|Any CPU.ActiveCfg = Release|Any CPU
		{F853A47B-8768-4FD7-9342-35E63207A33A}.Release|Any CPU.Build.0 = Release|Any CPU
		{9FF74180-99A4-4463-B4F9-9B594CD5F429}.Debug|Any CPU.ActiveCfg = Debug|Any CPU
		{9FF74180-99A4-4463-B4F9-9B594CD5F429}.Debug|Any CPU.Build.0 = Debug|Any CPU
		{9FF74180-99A4-4463-B4F9-9B594CD5F429}.Release|Any CPU.ActiveCfg = Release|Any CPU
		{9FF74180-99A4-4463-B4F9-9B594CD5F429}.Release|Any CPU.Build.0 = Release|Any CPU
		{23AE80AF-52ED-44C6-AFBB-4C169AB6E618}.Debug|Any CPU.ActiveCfg = Debug|Any CPU
		{23AE80AF-52ED-44C6-AFBB-4C169AB6E618}.Debug|Any CPU.Build.0 = Debug|Any CPU
		{23AE80AF-52ED-44C6-AFBB-4C169AB6E618}.Release|Any CPU.ActiveCfg = Release|Any CPU
		{23AE80AF-52ED-44C6-AFBB-4C169AB6E618}.Release|Any CPU.Build.0 = Release|Any CPU
		{B90302A6-C9ED-45EE-B4AE-63B762A9DF6C}.Debug|Any CPU.ActiveCfg = Debug|Any CPU
		{B90302A6-C9ED-45EE-B4AE-63B762A9DF6C}.Debug|Any CPU.Build.0 = Debug|Any CPU
		{B90302A6-C9ED-45EE-B4AE-63B762A9DF6C}.Release|Any CPU.ActiveCfg = Release|Any CPU
		{B90302A6-C9ED-45EE-B4AE-63B762A9DF6C}.Release|Any CPU.Build.0 = Release|Any CPU
		{6708A810-A889-4FF6-8955-11F5CB32E830}.Debug|Any CPU.ActiveCfg = Debug|Any CPU
		{6708A810-A889-4FF6-8955-11F5CB32E830}.Debug|Any CPU.Build.0 = Debug|Any CPU
		{6708A810-A889-4FF6-8955-11F5CB32E830}.Release|Any CPU.ActiveCfg = Release|Any CPU
		{6708A810-A889-4FF6-8955-11F5CB32E830}.Release|Any CPU.Build.0 = Release|Any CPU
	EndGlobalSection
	GlobalSection(NestedProjects) = preSolution
		{DD9EC33C-C15D-4954-973C-7AF547F7C491} = {E03523DB-4EB0-4F21-A5CB-9AA9406D8FF7}
		{85C29406-80D7-4C4E-8B5B-D540030D5D3D} = {E56B5EF9-68F1-4D31-BE15-A0451FB2071F}
		{1712123E-3024-4E8F-B64D-05AF7D2E2B5B} = {85C29406-80D7-4C4E-8B5B-D540030D5D3D}
		{23AE80AF-52ED-44C6-AFBB-4C169AB6E618} = {1712123E-3024-4E8F-B64D-05AF7D2E2B5B}
		{3C61C7F5-A206-4F5C-A676-23739935E41A} = {E56B5EF9-68F1-4D31-BE15-A0451FB2071F}
		{DCB5CF3D-713C-4932-9D5C-37BF992704BF} = {3C61C7F5-A206-4F5C-A676-23739935E41A}
		{6708A810-A889-4FF6-8955-11F5CB32E830} = {DCB5CF3D-713C-4932-9D5C-37BF992704BF}
	EndGlobalSection
EndGlobal
